
Microsoft Visual Studio Solution File, Format Version 12.00
# Visual Studio Version 16
VisualStudioVersion = 16.0.29123.88
MinimumVisualStudioVersion = 10.0.40219.1
Project("{8BC9CEB8-8B4A-11D0-8D11-00A0C91BC942}") = "console_0806", "console_0806\console_0806.vcxproj", "{D5ED716C-42E5-4B17-B143-29272513748B}"
EndProject
Global
	GlobalSection(SolutionConfigurationPlatforms) = preSolution
		Debug|x64 = Debug|x64
		Debug|x86 = Debug|x86
		Release|x64 = Release|x64
		Release|x86 = Release|x86
	EndGlobalSection
	GlobalSection(ProjectConfigurationPlatforms) = postSolution
		{D5ED716C-42E5-4B17-B143-29272513748B}.Debug|x64.ActiveCfg = Debug|x64
		{D5ED716C-42E5-4B17-B143-29272513748B}.Debug|x64.Build.0 = Debug|x64
		{D5ED716C-42E5-4B17-B143-29272513748B}.Debug|x86.ActiveCfg = Debug|Win32
		{D5ED716C-42E5-4B17-B143-29272513748B}.Debug|x86.Build.0 = Debug|Win32
		{D5ED716C-42E5-4B17-B143-29272513748B}.Release|x64.ActiveCfg = Release|x64
		{D5ED716C-42E5-4B17-B143-29272513748B}.Release|x64.Build.0 = Release|x64
		{D5ED716C-42E5-4B17-B143-29272513748B}.Release|x86.ActiveCfg = Release|Win32
		{D5ED716C-42E5-4B17-B143-29272513748B}.Release|x86.Build.0 = Release|Win32
	EndGlobalSection
	GlobalSection(SolutionProperties) = preSolution
		HideSolutionNode = FALSE
	EndGlobalSection
	GlobalSection(ExtensibilityGlobals) = postSolution
		SolutionGuid = {F14812C9-EE3D-4254-8414-2305E39B8AA9}
	EndGlobalSection
EndGlobal
